{
  "name": "bloxorz-remake",
  "version": "1.0.0",
  "lockfileVersion": 1,
  "requires": true,
  "dependencies": {
    "@rbxts/compiler-types": {
      "version": "1.0.0-types.0",
      "resolved": "https://registry.npmjs.org/@rbxts/compiler-types/-/compiler-types-1.0.0-types.0.tgz",
      "integrity": "sha512-DMYByLmapF5T04l1Jmg71BZNmR8sFhDt/aq9aV9X8JjnQimnCCBFK+FzdHh9Nx40D/o+k9vYn5aS58g8kISlYQ==",
      "dev": true
    },
    "@rbxts/types": {
      "version": "1.0.471",
      "resolved": "https://registry.npmjs.org/@rbxts/types/-/types-1.0.471.tgz",
      "integrity": "sha512-5g7guqTzCAOqgnYW1kek8EMSB57k5DO2cCx4YzL4qoY3tn1BrwYUvA05Mk1J6fK8fJTFTk5OycKOtMiy+FjcOA==",
      "dev": true
    }
  }
}
